
Microsoft Visual Studio Solution File, Format Version 12.00
# Visual Studio 2012
Project("{FAE04EC0-301F-11D3-BF4B-00C04F79EFBC}") = "GithubHooks", "GithubHooks\GithubHooks.csproj", "{C394AB57-624F-40D2-99FB-B37CE3993919}"
EndProject
Global
	GlobalSection(SolutionConfigurationPlatforms) = preSolution
		Debug|Any CPU = Debug|Any CPU
		Release|Any CPU = Release|Any CPU
	EndGlobalSection
	GlobalSection(ProjectConfigurationPlatforms) = postSolution
		{C394AB57-624F-40D2-99FB-B37CE3993919}.Debug|Any CPU.ActiveCfg = Debug|Any CPU
		{C394AB57-624F-40D2-99FB-B37CE3993919}.Debug|Any CPU.Build.0 = Debug|Any CPU
		{C394AB57-624F-40D2-99FB-B37CE3993919}.Release|Any CPU.ActiveCfg = Release|Any CPU
		{C394AB57-624F-40D2-99FB-B37CE3993919}.Release|Any CPU.Build.0 = Release|Any CPU
	EndGlobalSection
	GlobalSection(SolutionProperties) = preSolution
		HideSolutionNode = FALSE
	EndGlobalSection
EndGlobal
